// !$*UTF8*$!
{
	archiveVersion = 1;
	classes = {
	};
	objectVersion = 50;
	objects = {

/* Begin PBXBuildFile section */
		9682F16C7345FA45516DF10A /* Pods_fixFlutter_fixFlutterUITests.framework in Frameworks */ = {isa = PBXBuildFile; fileRef = E8858E7059C2BCCB288EB321 /* Pods_fixFlutter_fixFlutterUITests.framework */; };
		C34CFD58873EA71718A1127A /* Pods_fixFlutterTests.framework in Frameworks */ = {isa = PBXBuildFile; fileRef = DAEC4E891C28F65C10F5F52A /* Pods_fixFlutterTests.framework */; };
		DC967CC926CA111C00297B5D /* AppDelegate.m in Sources */ = {isa = PBXBuildFile; fileRef = DC967CC826CA111C00297B5D /* AppDelegate.m */; };
		DC967CCC26CA111C00297B5D /* SceneDelegate.m in Sources */ = {isa = PBXBuildFile; fileRef = DC967CCB26CA111C00297B5D /* SceneDelegate.m */; };
		DC967CCF26CA111C00297B5D /* ViewController.m in Sources */ = {isa = PBXBuildFile; fileRef = DC967CCE26CA111C00297B5D /* ViewController.m */; };
		DC967CD226CA111C00297B5D /* Main.storyboard in Resources */ = {isa = PBXBuildFile; fileRef = DC967CD026CA111C00297B5D /* Main.storyboard */; };
		DC967CD426CA111D00297B5D /* Assets.xcassets in Resources */ = {isa = PBXBuildFile; fileRef = DC967CD326CA111D00297B5D /* Assets.xcassets */; };
		DC967CD726CA111D00297B5D /* LaunchScreen.storyboard in Resources */ = {isa = PBXBuildFile; fileRef = DC967CD526CA111D00297B5D /* LaunchScreen.storyboard */; };
		DC967CDA26CA111D00297B5D /* main.m in Sources */ = {isa = PBXBuildFile; fileRef = DC967CD926CA111D00297B5D /* main.m */; };
		DC967CE426CA111D00297B5D /* fixFlutterTests.m in Sources */ = {isa = PBXBuildFile; fileRef = DC967CE326CA111D00297B5D /* fixFlutterTests.m */; };
		DC967CEF26CA111D00297B5D /* fixFlutterUITests.m in Sources */ = {isa = PBXBuildFile; fileRef = DC967CEE26CA111D00297B5D /* fixFlutterUITests.m */; };
		FD65DF49FE0DFFDCC4EC4EA1 /* Pods_fixFlutter.framework in Frameworks */ = {isa = PBXBuildFile; fileRef = 3AFA7F185D559D4D1CD5346E /* Pods_fixFlutter.framework */; };
/* End PBXBuildFile section */

/* Begin PBXContainerItemProxy section */
		DC967CE026CA111D00297B5D /* PBXContainerItemProxy */ = {
			isa = PBXContainerItemProxy;
			containerPortal = DC967CBC26CA111C00297B5D /* Project object */;
			proxyType = 1;
			remoteGlobalIDString = DC967CC326CA111C00297B5D;
			remoteInfo = fixFlutter;
		};
		DC967CEB26CA111D00297B5D /* PBXContainerItemProxy */ = {
			isa = PBXContainerItemProxy;
			containerPortal = DC967CBC26CA111C00297B5D /* Project object */;
			proxyType = 1;
			remoteGlobalIDString = DC967CC326CA111C00297B5D;
			remoteInfo = fixFlutter;
		};
/* End PBXContainerItemProxy section */

/* Begin PBXFileReference section */
		3AFA7F185D559D4D1CD5346E /* Pods_fixFlutter.framework */ = {isa = PBXFileReference; explicitFileType = wrapper.framework; includeInIndex = 0; path = Pods_fixFlutter.framework; sourceTree = BUILT_PRODUCTS_DIR; };
		4F12F6F585DD770EF0D3588C /* Pods-fixFlutter-fixFlutterUITests.debug.xcconfig */ = {isa = PBXFileReference; includeInIndex = 1; lastKnownFileType = text.xcconfig; name = "Pods-fixFlutter-fixFlutterUITests.debug.xcconfig"; path = "Target Support Files/Pods-fixFlutter-fixFlutterUITests/Pods-fixFlutter-fixFlutterUITests.debug.xcconfig"; sourceTree = "<group>"; };
		6378FF2A8B99A29C07694835 /* Pods-fixFlutterTests.release.xcconfig */ = {isa = PBXFileReference; includeInIndex = 1; lastKnownFileType = text.xcconfig; name = "Pods-fixFlutterTests.release.xcconfig"; path = "Target Support Files/Pods-fixFlutterTests/Pods-fixFlutterTests.release.xcconfig"; sourceTree = "<group>"; };
		7AC03FD8BF031D934D07C46C /* Pods-fixFlutter.release.xcconfig */ = {isa = PBXFileReference; includeInIndex = 1; lastKnownFileType = text.xcconfig; name = "Pods-fixFlutter.release.xcconfig"; path = "Target Support Files/Pods-fixFlutter/Pods-fixFlutter.release.xcconfig"; sourceTree = "<group>"; };
		94388CE094A18ACDDB9CD58D /* Pods-fixFlutter.debug.xcconfig */ = {isa = PBXFileReference; includeInIndex = 1; lastKnownFileType = text.xcconfig; name = "Pods-fixFlutter.debug.xcconfig"; path = "Target Support Files/Pods-fixFlutter/Pods-fixFlutter.debug.xcconfig"; sourceTree = "<group>"; };
		9C37B77D8BF44BFDA11E60EB /* Pods-fixFlutterTests.debug.xcconfig */ = {isa = PBXFileReference; includeInIndex = 1; lastKnownFileType = text.xcconfig; name = "Pods-fixFlutterTests.debug.xcconfig"; path = "Target Support Files/Pods-fixFlutterTests/Pods-fixFlutterTests.debug.xcconfig"; sourceTree = "<group>"; };
		C77293D64B4111434093D4D3 /* Pods-fixFlutter-fixFlutterUITests.release.xcconfig */ = {isa = PBXFileReference; includeInIndex = 1; lastKnownFileType = text.xcconfig; name = "Pods-fixFlutter-fixFlutterUITests.release.xcconfig"; path = "Target Support Files/Pods-fixFlutter-fixFlutterUITests/Pods-fixFlutter-fixFlutterUITests.release.xcconfig"; sourceTree = "<group>"; };
		DAEC4E891C28F65C10F5F52A /* Pods_fixFlutterTests.framework */ = {isa = PBXFileReference; explicitFileType = wrapper.framework; includeInIndex = 0; path = Pods_fixFlutterTests.framework; sourceTree = BUILT_PRODUCTS_DIR; };
		DC967CC426CA111C00297B5D /* fixFlutter.app */ = {isa = PBXFileReference; explicitFileType = wrapper.application; includeInIndex = 0; path = fixFlutter.app; sourceTree = BUILT_PRODUCTS_DIR; };
		DC967CC726CA111C00297B5D /* AppDelegate.h */ = {isa = PBXFileReference; lastKnownFileType = sourcecode.c.h; path = AppDelegate.h; sourceTree = "<group>"; };
		DC967CC826CA111C00297B5D /* AppDelegate.m */ = {isa = PBXFileReference; lastKnownFileType = sourcecode.c.objc; path = AppDelegate.m; sourceTree = "<group>"; };
		DC967CCA26CA111C00297B5D /* SceneDelegate.h */ = {isa = PBXFileReference; lastKnownFileType = sourcecode.c.h; path = SceneDelegate.h; sourceTree = "<group>"; };
		DC967CCB26CA111C00297B5D /* SceneDelegate.m */ = {isa = PBXFileReference; lastKnownFileType = sourcecode.c.objc; path = SceneDelegate.m; sourceTree = "<group>"; };
		DC967CCD26CA111C00297B5D /* ViewController.h */ = {isa = PBXFileReference; lastKnownFileType = sourcecode.c.h; path = ViewController.h; sourceTree = "<group>"; };
		DC967CCE26CA111C00297B5D /* ViewController.m */ = {isa = PBXFileReference; lastKnownFileType = sourcecode.c.objc; path = ViewController.m; sourceTree = "<group>"; };
		DC967CD126CA111C00297B5D /* Base */ = {isa = PBXFileReference; lastKnownFileType = file.storyboard; name = Base; path = Base.lproj/Main.storyboard; sourceTree = "<group>"; };
		DC967CD326CA111D00297B5D /* Assets.xcassets */ = {isa = PBXFileReference; lastKnownFileType = folder.assetcatalog; path = Assets.xcassets; sourceTree = "<group>"; };
		DC967CD626CA111D00297B5D /* Base */ = {isa = PBXFileReference; lastKnownFileType = file.storyboard; name = Base; path = Base.lproj/LaunchScreen.storyboard; sourceTree = "<group>"; };
		DC967CD826CA111D00297B5D /* Info.plist */ = {isa = PBXFileReference; lastKnownFileType = text.plist.xml; path = Info.plist; sourceTree = "<group>"; };
		DC967CD926CA111D00297B5D /* main.m */ = {isa = PBXFileReference; lastKnownFileType = sourcecode.c.objc; path = main.m; sourceTree = "<group>"; };
		DC967CDF26CA111D00297B5D /* fixFlutterTests.xctest */ = {isa = PBXFileReference; explicitFileType = wrapper.cfbundle; includeInIndex = 0; path = fixFlutterTests.xctest; sourceTree = BUILT_PRODUCTS_DIR; };
		DC967CE326CA111D00297B5D /* fixFlutterTests.m */ = {isa = PBXFileReference; lastKnownFileType = sourcecode.c.objc; path = fixFlutterTests.m; sourceTree = "<group>"; };
		DC967CE526CA111D00297B5D /* Info.plist */ = {isa = PBXFileReference; lastKnownFileType = text.plist.xml; path = Info.plist; sourceTree = "<group>"; };
		DC967CEA26CA111D00297B5D /* fixFlutterUITests.xctest */ = {isa = PBXFileReference; explicitFileType = wrapper.cfbundle; includeInIndex = 0; path = fixFlutterUITests.xctest; sourceTree = BUILT_PRODUCTS_DIR; };
		DC967CEE26CA111D00297B5D /* fixFlutterUITests.m */ = {isa = PBXFileReference; lastKnownFileType = sourcecode.c.objc; path = fixFlutterUITests.m; sourceTree = "<group>"; };
		DC967CF026CA111D00297B5D /* Info.plist */ = {isa = PBXFileReference; lastKnownFileType = text.plist.xml; path = Info.plist; sourceTree = "<group>"; };
		E8858E7059C2BCCB288EB321 /* Pods_fixFlutter_fixFlutterUITests.framework */ = {isa = PBXFileReference; explicitFileType = wrapper.framework; includeInIndex = 0; path = Pods_fixFlutter_fixFlutterUITests.framework; sourceTree = BUILT_PRODUCTS_DIR; };
/* End PBXFileReference section */

/* Begin PBXFrameworksBuildPhase section */
		DC967CC126CA111C00297B5D /* Frameworks */ = {
			isa = PBXFrameworksBuildPhase;
			buildActionMask = 2147483647;
			files = (
				FD65DF49FE0DFFDCC4EC4EA1 /* Pods_fixFlutter.framework in Frameworks */,
			);
			runOnlyForDeploymentPostprocessing = 0;
		};
		DC967CDC26CA111D00297B5D /* Frameworks */ = {
			isa = PBXFrameworksBuildPhase;
			buildActionMask = 2147483647;
			files = (
				C34CFD58873EA71718A1127A /* Pods_fixFlutterTests.framework in Frameworks */,
			);
			runOnlyForDeploymentPostprocessing = 0;
		};
		DC967CE726CA111D00297B5D /* Frameworks */ = {
			isa = PBXFrameworksBuildPhase;
			buildActionMask = 2147483647;
			files = (
				9682F16C7345FA45516DF10A /* Pods_fixFlutter_fixFlutterUITests.framework in Frameworks */,
			);
			runOnlyForDeploymentPostprocessing = 0;
		};
/* End PBXFrameworksBuildPhase section */

/* Begin PBXGroup section */
		1E16C466F014E8D238221672 /* Frameworks */ = {
			isa = PBXGroup;
			children = (
				3AFA7F185D559D4D1CD5346E /* Pods_fixFlutter.framework */,
				E8858E7059C2BCCB288EB321 /* Pods_fixFlutter_fixFlutterUITests.framework */,
				DAEC4E891C28F65C10F5F52A /* Pods_fixFlutterTests.framework */,
			);
			name = Frameworks;
			sourceTree = "<group>";
		};
		AB0C6DB92021D842ED48DA5B /* Pods */ = {
			isa = PBXGroup;
			children = (
				94388CE094A18ACDDB9CD58D /* Pods-fixFlutter.debug.xcconfig */,
				7AC03FD8BF031D934D07C46C /* Pods-fixFlutter.release.xcconfig */,
				4F12F6F585DD770EF0D3588C /* Pods-fixFlutter-fixFlutterUITests.debug.xcconfig */,
				C77293D64B4111434093D4D3 /* Pods-fixFlutter-fixFlutterUITests.release.xcconfig */,
				9C37B77D8BF44BFDA11E60EB /* Pods-fixFlutterTests.debug.xcconfig */,
				6378FF2A8B99A29C07694835 /* Pods-fixFlutterTests.release.xcconfig */,
			);
			name = Pods;
			path = Pods;
			sourceTree = "<group>";
		};
		DC967CBB26CA111C00297B5D = {
			isa = PBXGroup;
			children = (
				DC967CC626CA111C00297B5D /* fixFlutter */,
				DC967CE226CA111D00297B5D /* fixFlutterTests */,
				DC967CED26CA111D00297B5D /* fixFlutterUITests */,
				DC967CC526CA111C00297B5D /* Products */,
				AB0C6DB92021D842ED48DA5B /* Pods */,
				1E16C466F014E8D238221672 /* Frameworks */,
			);
			sourceTree = "<group>";
		};
		DC967CC526CA111C00297B5D /* Products */ = {
			isa = PBXGroup;
			children = (
				DC967CC426CA111C00297B5D /* fixFlutter.app */,
				DC967CDF26CA111D00297B5D /* fixFlutterTests.xctest */,
				DC967CEA26CA111D00297B5D /* fixFlutterUITests.xctest */,
			);
			name = Products;
			sourceTree = "<group>";
		};
		DC967CC626CA111C00297B5D /* fixFlutter */ = {
			isa = PBXGroup;
			children = (
				DC967CC726CA111C00297B5D /* AppDelegate.h */,
				DC967CC826CA111C00297B5D /* AppDelegate.m */,
				DC967CCA26CA111C00297B5D /* SceneDelegate.h */,
				DC967CCB26CA111C00297B5D /* SceneDelegate.m */,
				DC967CCD26CA111C00297B5D /* ViewController.h */,
				DC967CCE26CA111C00297B5D /* ViewController.m */,
				DC967CD026CA111C00297B5D /* Main.storyboard */,
				DC967CD326CA111D00297B5D /* Assets.xcassets */,
				DC967CD526CA111D00297B5D /* LaunchScreen.storyboard */,
				DC967CD826CA111D00297B5D /* Info.plist */,
				DC967CD926CA111D00297B5D /* main.m */,
			);
			path = fixFlutter;
			sourceTree = "<group>";
		};
		DC967CE226CA111D00297B5D /* fixFlutterTests */ = {
			isa = PBXGroup;
			children = (
				DC967CE326CA111D00297B5D /* fixFlutterTests.m */,
				DC967CE526CA111D00297B5D /* Info.plist */,
			);
			path = fixFlutterTests;
			sourceTree = "<group>";
		};
		DC967CED26CA111D00297B5D /* fixFlutterUITests */ = {
			isa = PBXGroup;
			children = (
				DC967CEE26CA111D00297B5D /* fixFlutterUITests.m */,
				DC967CF026CA111D00297B5D /* Info.plist */,
			);
			path = fixFlutterUITests;
			sourceTree = "<group>";
		};
/* End PBXGroup section */

/* Begin PBXNativeTarget section */
		DC967CC326CA111C00297B5D /* fixFlutter */ = {
			isa = PBXNativeTarget;
			buildConfigurationList = DC967CF326CA111D00297B5D /* Build configuration list for PBXNativeTarget "fixFlutter" */;
			buildPhases = (
				8202D8CE59BF13638938FC04 /* [CP] Check Pods Manifest.lock */,
				9189521BD7A9FDC4FA403333 /* [CP-User] Run Flutter Build my_flutter Script */,
				DC967CC026CA111C00297B5D /* Sources */,
				DC967CC126CA111C00297B5D /* Frameworks */,
				DC967CC226CA111C00297B5D /* Resources */,
				B31BFF58D06E497D432DEA81 /* [CP] Embed Pods Frameworks */,
			);
			buildRules = (
			);
			dependencies = (
			);
			name = fixFlutter;
			productName = fixFlutter;
			productReference = DC967CC426CA111C00297B5D /* fixFlutter.app */;
			productType = "com.apple.product-type.application";
		};
		DC967CDE26CA111D00297B5D /* fixFlutterTests */ = {
			isa = PBXNativeTarget;
			buildConfigurationList = DC967CF626CA111D00297B5D /* Build configuration list for PBXNativeTarget "fixFlutterTests" */;
			buildPhases = (
				078500A54BDF646EA837718F /* [CP] Check Pods Manifest.lock */,
				DC967CDB26CA111D00297B5D /* Sources */,
				DC967CDC26CA111D00297B5D /* Frameworks */,
				DC967CDD26CA111D00297B5D /* Resources */,
			);
			buildRules = (
			);
			dependencies = (
				DC967CE126CA111D00297B5D /* PBXTargetDependency */,
			);
			name = fixFlutterTests;
			productName = fixFlutterTests;
			productReference = DC967CDF26CA111D00297B5D /* fixFlutterTests.xctest */;
			productType = "com.apple.product-type.bundle.unit-test";
		};
		DC967CE926CA111D00297B5D /* fixFlutterUITests */ = {
			isa = PBXNativeTarget;
			buildConfigurationList = DC967CF926CA111D00297B5D /* Build configuration list for PBXNativeTarget "fixFlutterUITests" */;
			buildPhases = (
				135359E158D11AFC5C4FB697 /* [CP] Check Pods Manifest.lock */,
				DC967CE626CA111D00297B5D /* Sources */,
				DC967CE726CA111D00297B5D /* Frameworks */,
				DC967CE826CA111D00297B5D /* Resources */,
				A7907FF17FEE4AC96E2C8AB0 /* [CP] Embed Pods Frameworks */,
			);
			buildRules = (
			);
			dependencies = (
				DC967CEC26CA111D00297B5D /* PBXTargetDependency */,
			);
			name = fixFlutterUITests;
			productName = fixFlutterUITests;
			productReference = DC967CEA26CA111D00297B5D /* fixFlutterUITests.xctest */;
			productType = "com.apple.product-type.bundle.ui-testing";
		};
/* End PBXNativeTarget section */

/* Begin PBXProject section */
		DC967CBC26CA111C00297B5D /* Project object */ = {
			isa = PBXProject;
			attributes = {
				LastUpgradeCheck = 1250;
				TargetAttributes = {
					DC967CC326CA111C00297B5D = {
						CreatedOnToolsVersion = 12.5.1;
					};
					DC967CDE26CA111D00297B5D = {
						CreatedOnToolsVersion = 12.5.1;
						TestTargetID = DC967CC326CA111C00297B5D;
					};
					DC967CE926CA111D00297B5D = {
						CreatedOnToolsVersion = 12.5.1;
						TestTargetID = DC967CC326CA111C00297B5D;
					};
				};
			};
			buildConfigurationList = DC967CBF26CA111C00297B5D /* Build configuration list for PBXProject "fixFlutter" */;
			compatibilityVersion = "Xcode 9.3";
			developmentRegion = en;
			hasScannedForEncodings = 0;
			knownRegions = (
				en,
				Base,
			);
			mainGroup = DC967CBB26CA111C00297B5D;
			productRefGroup = DC967CC526CA111C00297B5D /* Products */;
			projectDirPath = "";
			projectRoot = "";
			targets = (
				DC967CC326CA111C00297B5D /* fixFlutter */,
				DC967CDE26CA111D00297B5D /* fixFlutterTests */,
				DC967CE926CA111D00297B5D /* fixFlutterUITests */,
			);
		};
/* End PBXProject section */

/* Begin PBXResourcesBuildPhase section */
		DC967CC226CA111C00297B5D /* Resources */ = {
			isa = PBXResourcesBuildPhase;
			buildActionMask = 2147483647;
			files = (
				DC967CD726CA111D00297B5D /* LaunchScreen.storyboard in Resources */,
				DC967CD426CA111D00297B5D /* Assets.xcassets in Resources */,
				DC967CD226CA111C00297B5D /* Main.storyboard in Resources */,
			);
			runOnlyForDeploymentPostprocessing = 0;
		};
		DC967CDD26CA111D00297B5D /* Resources */ = {
			isa = PBXResourcesBuildPhase;
			buildActionMask = 2147483647;
			files = (
			);
			runOnlyForDeploymentPostprocessing = 0;
		};
		DC967CE826CA111D00297B5D /* Resources */ = {
			isa = PBXResourcesBuildPhase;
			buildActionMask = 2147483647;
			files = (
			);
			runOnlyForDeploymentPostprocessing = 0;
		};
/* End PBXResourcesBuildPhase section */

/* Begin PBXShellScriptBuildPhase section */
		078500A54BDF646EA837718F /* [CP] Check Pods Manifest.lock */ = {
			isa = PBXShellScriptBuildPhase;
			buildActionMask = 2147483647;
			files = (
			);
			inputFileListPaths = (
			);
			inputPaths = (
				"${PODS_PODFILE_DIR_PATH}/Podfile.lock",
				"${PODS_ROOT}/Manifest.lock",
			);
			name = "[CP] Check Pods Manifest.lock";
			outputFileListPaths = (
			);
			outputPaths = (
				"$(DERIVED_FILE_DIR)/Pods-fixFlutterTests-checkManifestLockResult.txt",
			);
			runOnlyForDeploymentPostprocessing = 0;
			shellPath = /bin/sh;
			shellScript = "diff \"${PODS_PODFILE_DIR_PATH}/Podfile.lock\" \"${PODS_ROOT}/Manifest.lock\" > /dev/null\nif [ $? != 0 ] ; then\n    # print error to STDERR\n    echo \"error: The sandbox is not in sync with the Podfile.lock. Run 'pod install' or update your CocoaPods installation.\" >&2\n    exit 1\nfi\n# This output is used by Xcode 'outputs' to avoid re-running this script phase.\necho \"SUCCESS\" > \"${SCRIPT_OUTPUT_FILE_0}\"\n";
			showEnvVarsInLog = 0;
		};
		135359E158D11AFC5C4FB697 /* [CP] Check Pods Manifest.lock */ = {
			isa = PBXShellScriptBuildPhase;
			buildActionMask = 2147483647;
			files = (
			);
			inputFileListPaths = (
			);
			inputPaths = (
				"${PODS_PODFILE_DIR_PATH}/Podfile.lock",
				"${PODS_ROOT}/Manifest.lock",
			);
			name = "[CP] Check Pods Manifest.lock";
			outputFileListPaths = (
			);
			outputPaths = (
				"$(DERIVED_FILE_DIR)/Pods-fixFlutter-fixFlutterUITests-checkManifestLockResult.txt",
			);
			runOnlyForDeploymentPostprocessing = 0;
			shellPath = /bin/sh;
			shellScript = "diff \"${PODS_PODFILE_DIR_PATH}/Podfile.lock\" \"${PODS_ROOT}/Manifest.lock\" > /dev/null\nif [ $? != 0 ] ; then\n    # print error to STDERR\n    echo \"error: The sandbox is not in sync with the Podfile.lock. Run 'pod install' or update your CocoaPods installation.\" >&2\n    exit 1\nfi\n# This output is used by Xcode 'outputs' to avoid re-running this script phase.\necho \"SUCCESS\" > \"${SCRIPT_OUTPUT_FILE_0}\"\n";
			showEnvVarsInLog = 0;
		};
		8202D8CE59BF13638938FC04 /* [CP] Check Pods Manifest.lock */ = {
			isa = PBXShellScriptBuildPhase;
			buildActionMask = 2147483647;
			files = (
			);
			inputFileListPaths = (
			);
			inputPaths = (
				"${PODS_PODFILE_DIR_PATH}/Podfile.lock",
				"${PODS_ROOT}/Manifest.lock",
			);
			name = "[CP] Check Pods Manifest.lock";
			outputFileListPaths = (
			);
			outputPaths = (
				"$(DERIVED_FILE_DIR)/Pods-fixFlutter-checkManifestLockResult.txt",
			);
			runOnlyForDeploymentPostprocessing = 0;
			shellPath = /bin/sh;
			shellScript = "diff \"${PODS_PODFILE_DIR_PATH}/Podfile.lock\" \"${PODS_ROOT}/Manifest.lock\" > /dev/null\nif [ $? != 0 ] ; then\n    # print error to STDERR\n    echo \"error: The sandbox is not in sync with the Podfile.lock. Run 'pod install' or update your CocoaPods installation.\" >&2\n    exit 1\nfi\n# This output is used by Xcode 'outputs' to avoid re-running this script phase.\necho \"SUCCESS\" > \"${SCRIPT_OUTPUT_FILE_0}\"\n";
			showEnvVarsInLog = 0;
		};
		9189521BD7A9FDC4FA403333 /* [CP-User] Run Flutter Build my_flutter Script */ = {
			isa = PBXShellScriptBuildPhase;
			buildActionMask = 2147483647;
			files = (
			);
			inputPaths = (
				"${SRCROOT}/../my_flutter/.metadata",
				"${SRCROOT}/../my_flutter/.ios/Flutter/App.framework/App",
				"${SRCROOT}/../my_flutter/.ios/Flutter/engine/Flutter.framework/Flutter",
				"${SRCROOT}/../my_flutter/.ios/Flutter/flutter_export_environment.sh",
			);
			name = "[CP-User] Run Flutter Build my_flutter Script";
			runOnlyForDeploymentPostprocessing = 0;
			shellPath = /bin/sh;
			shellScript = "set -e\nset -u\nsource \"${SRCROOT}/../my_flutter/.ios/Flutter/flutter_export_environment.sh\"\n\"$FLUTTER_ROOT\"/packages/flutter_tools/bin/xcode_backend.sh build";
		};
		A7907FF17FEE4AC96E2C8AB0 /* [CP] Embed Pods Frameworks */ = {
			isa = PBXShellScriptBuildPhase;
			buildActionMask = 2147483647;
			files = (
			);
			inputFileListPaths = (
				"${PODS_ROOT}/Target Support Files/Pods-fixFlutter-fixFlutterUITests/Pods-fixFlutter-fixFlutterUITests-frameworks-${CONFIGURATION}-input-files.xcfilelist",
			);
			name = "[CP] Embed Pods Frameworks";
			outputFileListPaths = (
				"${PODS_ROOT}/Target Support Files/Pods-fixFlutter-fixFlutterUITests/Pods-fixFlutter-fixFlutterUITests-frameworks-${CONFIGURATION}-output-files.xcfilelist",
			);
			runOnlyForDeploymentPostprocessing = 0;
			shellPath = /bin/sh;
			shellScript = "\"${PODS_ROOT}/Target Support Files/Pods-fixFlutter-fixFlutterUITests/Pods-fixFlutter-fixFlutterUITests-frameworks.sh\"\n";
			showEnvVarsInLog = 0;
		};
		B31BFF58D06E497D432DEA81 /* [CP] Embed Pods Frameworks */ = {
			isa = PBXShellScriptBuildPhase;
			buildActionMask = 2147483647;
			files = (
			);
			inputFileListPaths = (
				"${PODS_ROOT}/Target Support Files/Pods-fixFlutter/Pods-fixFlutter-frameworks-${CONFIGURATION}-input-files.xcfilelist",
			);
			name = "[CP] Embed Pods Frameworks";
			outputFileListPaths = (
				"${PODS_ROOT}/Target Support Files/Pods-fixFlutter/Pods-fixFlutter-frameworks-${CONFIGURATION}-output-files.xcfilelist",
			);
			runOnlyForDeploymentPostprocessing = 0;
			shellPath = /bin/sh;
			shellScript = "\"${PODS_ROOT}/Target Support Files/Pods-fixFlutter/Pods-fixFlutter-frameworks.sh\"\n";
			showEnvVarsInLog = 0;
		};
/* End PBXShellScriptBuildPhase section */

/* Begin PBXSourcesBuildPhase section */
		DC967CC026CA111C00297B5D /* Sources */ = {
			isa = PBXSourcesBuildPhase;
			buildActionMask = 2147483647;
			files = (
				DC967CCF26CA111C00297B5D /* ViewController.m in Sources */,
				DC967CC926CA111C00297B5D /* AppDelegate.m in Sources */,
				DC967CDA26CA111D00297B5D /* main.m in Sources */,
				DC967CCC26CA111C00297B5D /* SceneDelegate.m in Sources */,
			);
			runOnlyForDeploymentPostprocessing = 0;
		};
		DC967CDB26CA111D00297B5D /* Sources */ = {
			isa = PBXSourcesBuildPhase;
			buildActionMask = 2147483647;
			files = (
				DC967CE426CA111D00297B5D /* fixFlutterTests.m in Sources */,
			);
			runOnlyForDeploymentPostprocessing = 0;
		};
		DC967CE626CA111D00297B5D /* Sources */ = {
			isa = PBXSourcesBuildPhase;
			buildActionMask = 2147483647;
			files = (
				DC967CEF26CA111D00297B5D /* fixFlutterUITests.m in Sources */,
			);
			runOnlyForDeploymentPostprocessing = 0;
		};
/* End PBXSourcesBuildPhase section */

/* Begin PBXTargetDependency section */
		DC967CE126CA111D00297B5D /* PBXTargetDependency */ = {
			isa = PBXTargetDependency;
			target = DC967CC326CA111C00297B5D /* fixFlutter */;
			targetProxy = DC967CE026CA111D00297B5D /* PBXContainerItemProxy */;
		};
		DC967CEC26CA111D00297B5D /* PBXTargetDependency */ = {
			isa = PBXTargetDependency;
			target = DC967CC326CA111C00297B5D /* fixFlutter */;
			targetProxy = DC967CEB26CA111D00297B5D /* PBXContainerItemProxy */;
		};
/* End PBXTargetDependency section */

/* Begin PBXVariantGroup section */
		DC967CD026CA111C00297B5D /* Main.storyboard */ = {
			isa = PBXVariantGroup;
			children = (
				DC967CD126CA111C00297B5D /* Base */,
			);
			name = Main.storyboard;
			sourceTree = "<group>";
		};
		DC967CD526CA111D00297B5D /* LaunchScreen.storyboard */ = {
			isa = PBXVariantGroup;
			children = (
				DC967CD626CA111D00297B5D /* Base */,
			);
			name = LaunchScreen.storyboard;
			sourceTree = "<group>";
		};
/* End PBXVariantGroup section */

/* Begin XCBuildConfiguration section */
		DC967CF126CA111D00297B5D /* Debug */ = {
			isa = XCBuildConfiguration;
			buildSettings = {
				ALWAYS_SEARCH_USER_PATHS = NO;
				CLANG_ANALYZER_NONNULL = YES;
				CLANG_ANALYZER_NUMBER_OBJECT_CONVERSION = YES_AGGRESSIVE;
				CLANG_CXX_LANGUAGE_STANDARD = "gnu++14";
				CLANG_CXX_LIBRARY = "libc++";
				CLANG_ENABLE_MODULES = YES;
				CLANG_ENABLE_OBJC_ARC = YES;
				CLANG_ENABLE_OBJC_WEAK = YES;
				CLANG_WARN_BLOCK_CAPTURE_AUTORELEASING = YES;
				CLANG_WARN_BOOL_CONVERSION = YES;
				CLANG_WARN_COMMA = YES;
				CLANG_WARN_CONSTANT_CONVERSION = YES;
				CLANG_WARN_DEPRECATED_OBJC_IMPLEMENTATIONS = YES;
				CLANG_WARN_DIRECT_OBJC_ISA_USAGE = YES_ERROR;
				CLANG_WARN_DOCUMENTATION_COMMENTS = YES;
				CLANG_WARN_EMPTY_BODY = YES;
				CLANG_WARN_ENUM_CONVERSION = YES;
				CLANG_WARN_INFINITE_RECURSION = YES;
				CLANG_WARN_INT_CONVERSION = YES;
				CLANG_WARN_NON_LITERAL_NULL_CONVERSION = YES;
				CLANG_WARN_OBJC_IMPLICIT_RETAIN_SELF = YES;
				CLANG_WARN_OBJC_LITERAL_CONVERSION = YES;
				CLANG_WARN_OBJC_ROOT_CLASS = YES_ERROR;
				CLANG_WARN_QUOTED_INCLUDE_IN_FRAMEWORK_HEADER = YES;
				CLANG_WARN_RANGE_LOOP_ANALYSIS = YES;
				CLANG_WARN_STRICT_PROTOTYPES = YES;
				CLANG_WARN_SUSPICIOUS_MOVE = YES;
				CLANG_WARN_UNGUARDED_AVAILABILITY = YES_AGGRESSIVE;
				CLANG_WARN_UNREACHABLE_CODE = YES;
				CLANG_WARN__DUPLICATE_METHOD_MATCH = YES;
				COPY_PHASE_STRIP = NO;
				DEBUG_INFORMATION_FORMAT = dwarf;
				ENABLE_STRICT_OBJC_MSGSEND = YES;
				ENABLE_TESTABILITY = YES;
				GCC_C_LANGUAGE_STANDARD = gnu11;
				GCC_DYNAMIC_NO_PIC = NO;
				GCC_NO_COMMON_BLOCKS = YES;
				GCC_OPTIMIZATION_LEVEL = 0;
				GCC_PREPROCESSOR_DEFINITIONS = (
					"DEBUG=1",
					"$(inherited)",
				);
				GCC_WARN_64_TO_32_BIT_CONVERSION = YES;
				GCC_WARN_ABOUT_RETURN_TYPE = YES_ERROR;
				GCC_WARN_UNDECLARED_SELECTOR = YES;
				GCC_WARN_UNINITIALIZED_AUTOS = YES_AGGRESSIVE;
				GCC_WARN_UNUSED_FUNCTION = YES;
				GCC_WARN_UNUSED_VARIABLE = YES;
				IPHONEOS_DEPLOYMENT_TARGET = 14.5;
				MTL_ENABLE_DEBUG_INFO = INCLUDE_SOURCE;
				MTL_FAST_MATH = YES;
				ONLY_ACTIVE_ARCH = YES;
				SDKROOT = iphoneos;
			};
			name = Debug;
		};
		DC967CF226CA111D00297B5D /* Release */ = {
			isa = XCBuildConfiguration;
			buildSettings = {
				ALWAYS_SEARCH_USER_PATHS = NO;
				CLANG_ANALYZER_NONNULL = YES;
				CLANG_ANALYZER_NUMBER_OBJECT_CONVERSION = YES_AGGRESSIVE;
				CLANG_CXX_LANGUAGE_STANDARD = "gnu++14";
				CLANG_CXX_LIBRARY = "libc++";
				CLANG_ENABLE_MODULES = YES;
				CLANG_ENABLE_OBJC_ARC = YES;
				CLANG_ENABLE_OBJC_WEAK = YES;
				CLANG_WARN_BLOCK_CAPTURE_AUTORELEASING = YES;
				CLANG_WARN_BOOL_CONVERSION = YES;
				CLANG_WARN_COMMA = YES;
				CLANG_WARN_CONSTANT_CONVERSION = YES;
				CLANG_WARN_DEPRECATED_OBJC_IMPLEMENTATIONS = YES;
				CLANG_WARN_DIRECT_OBJC_ISA_USAGE = YES_ERROR;
				CLANG_WARN_DOCUMENTATION_COMMENTS = YES;
				CLANG_WARN_EMPTY_BODY = YES;
				CLANG_WARN_ENUM_CONVERSION = YES;
				CLANG_WARN_INFINITE_RECURSION = YES;
				CLANG_WARN_INT_CONVERSION = YES;
				CLANG_WARN_NON_LITERAL_NULL_CONVERSION = YES;
				CLANG_WARN_OBJC_IMPLICIT_RETAIN_SELF = YES;
				CLANG_WARN_OBJC_LITERAL_CONVERSION = YES;
				CLANG_WARN_OBJC_ROOT_CLASS = YES_ERROR;
				CLANG_WARN_QUOTED_INCLUDE_IN_FRAMEWORK_HEADER = YES;
				CLANG_WARN_RANGE_LOOP_ANALYSIS = YES;
				CLANG_WARN_STRICT_PROTOTYPES = YES;
				CLANG_WARN_SUSPICIOUS_MOVE = YES;
				CLANG_WARN_UNGUARDED_AVAILABILITY = YES_AGGRESSIVE;
				CLANG_WARN_UNREACHABLE_CODE = YES;
				CLANG_WARN__DUPLICATE_METHOD_MATCH = YES;
				COPY_PHASE_STRIP = NO;
				DEBUG_INFORMATION_FORMAT = "dwarf-with-dsym";
				ENABLE_NS_ASSERTIONS = NO;
				ENABLE_STRICT_OBJC_MSGSEND = YES;
				GCC_C_LANGUAGE_STANDARD = gnu11;
				GCC_NO_COMMON_BLOCKS = YES;
				GCC_WARN_64_TO_32_BIT_CONVERSION = YES;
				GCC_WARN_ABOUT_RETURN_TYPE = YES_ERROR;
				GCC_WARN_UNDECLARED_SELECTOR = YES;
				GCC_WARN_UNINITIALIZED_AUTOS = YES_AGGRESSIVE;
				GCC_WARN_UNUSED_FUNCTION = YES;
				GCC_WARN_UNUSED_VARIABLE = YES;
				IPHONEOS_DEPLOYMENT_TARGET = 14.5;
				MTL_ENABLE_DEBUG_INFO = NO;
				MTL_FAST_MATH = YES;
				SDKROOT = iphoneos;
				VALIDATE_PRODUCT = YES;
			};
			name = Release;
		};
		DC967CF426CA111D00297B5D /* Debug */ = {
			isa = XCBuildConfiguration;
			baseConfigurationReference = 94388CE094A18ACDDB9CD58D /* Pods-fixFlutter.debug.xcconfig */;
			buildSettings = {
				ASSETCATALOG_COMPILER_APPICON_NAME = AppIcon;
				ASSETCATALOG_COMPILER_GLOBAL_ACCENT_COLOR_NAME = AccentColor;
				CODE_SIGN_STYLE = Automatic;
				DEVELOPMENT_TEAM = 5YR3RP559Y;
				INFOPLIST_FILE = fixFlutter/Info.plist;
				LD_RUNPATH_SEARCH_PATHS = (
					"$(inherited)",
					"@executable_path/Frameworks",
				);
				PRODUCT_BUNDLE_IDENTIFIER = com.Hunteron.Star.fixFlutter;
				PRODUCT_NAME = "$(TARGET_NAME)";
				TARGETED_DEVICE_FAMILY = "1,2";
			};
			name = Debug;
		};
		DC967CF526CA111D00297B5D /* Release */ = {
			isa = XCBuildConfiguration;
			baseConfigurationReference = 7AC03FD8BF031D934D07C46C /* Pods-fixFlutter.release.xcconfig */;
			buildSettings = {
				ASSETCATALOG_COMPILER_APPICON_NAME = AppIcon;
				ASSETCATALOG_COMPILER_GLOBAL_ACCENT_COLOR_NAME = AccentColor;
				CODE_SIGN_STYLE = Automatic;
				DEVELOPMENT_TEAM = 5YR3RP559Y;
				INFOPLIST_FILE = fixFlutter/Info.plist;
				LD_RUNPATH_SEARCH_PATHS = (
					"$(inherited)",
					"@executable_path/Frameworks",
				);
				PRODUCT_BUNDLE_IDENTIFIER = com.Hunteron.Star.fixFlutter;
				PRODUCT_NAME = "$(TARGET_NAME)";
				TARGETED_DEVICE_FAMILY = "1,2";
			};
			name = Release;
		};
		DC967CF726CA111D00297B5D /* Debug */ = {
			isa = XCBuildConfiguration;
			baseConfigurationReference = 9C37B77D8BF44BFDA11E60EB /* Pods-fixFlutterTests.debug.xcconfig */;
			buildSettings = {
				BUNDLE_LOADER = "$(TEST_HOST)";
				CODE_SIGN_STYLE = Automatic;
				DEVELOPMENT_TEAM = 5YR3RP559Y;
				INFOPLIST_FILE = fixFlutterTests/Info.plist;
				IPHONEOS_DEPLOYMENT_TARGET = 14.5;
				LD_RUNPATH_SEARCH_PATHS = (
					"$(inherited)",
					"@executable_path/Frameworks",
					"@loader_path/Frameworks",
				);
				PRODUCT_BUNDLE_IDENTIFIER = com.Hunteron.Star.fixFlutterTests;
				PRODUCT_NAME = "$(TARGET_NAME)";
				TARGETED_DEVICE_FAMILY = "1,2";
				TEST_HOST = "$(BUILT_PRODUCTS_DIR)/fixFlutter.app/fixFlutter";
			};
			name = Debug;
		};
		DC967CF826CA111D00297B5D /* Release */ = {
			isa = XCBuildConfiguration;
			baseConfigurationReference = 6378FF2A8B99A29C07694835 /* Pods-fixFlutterTests.release.xcconfig */;
			buildSettings = {
				BUNDLE_LOADER = "$(TEST_HOST)";
				CODE_SIGN_STYLE = Automatic;
				DEVELOPMENT_TEAM = 5YR3RP559Y;
				INFOPLIST_FILE = fixFlutterTests/Info.plist;
				IPHONEOS_DEPLOYMENT_TARGET = 14.5;
				LD_RUNPATH_SEARCH_PATHS = (
					"$(inherited)",
					"@executable_path/Frameworks",
					"@loader_path/Frameworks",
				);
				PRODUCT_BUNDLE_IDENTIFIER = com.Hunteron.Star.fixFlutterTests;
				PRODUCT_NAME = "$(TARGET_NAME)";
				TARGETED_DEVICE_FAMILY = "1,2";
				TEST_HOST = "$(BUILT_PRODUCTS_DIR)/fixFlutter.app/fixFlutter";
			};
			name = Release;
		};
		DC967CFA26CA111D00297B5D /* Debug */ = {
			isa = XCBuildConfiguration;
			baseConfigurationReference = 4F12F6F585DD770EF0D3588C /* Pods-fixFlutter-fixFlutterUITests.debug.xcconfig */;
			buildSettings = {
				CODE_SIGN_STYLE = Automatic;
				DEVELOPMENT_TEAM = 5YR3RP559Y;
				INFOPLIST_FILE = fixFlutterUITests/Info.plist;
				LD_RUNPATH_SEARCH_PATHS = (
					"$(inherited)",
					"@executable_path/Frameworks",
					"@loader_path/Frameworks",
				);
				PRODUCT_BUNDLE_IDENTIFIER = com.Hunteron.Star.fixFlutterUITests;
				PRODUCT_NAME = "$(TARGET_NAME)";
				TARGETED_DEVICE_FAMILY = "1,2";
				TEST_TARGET_NAME = fixFlutter;
			};
			name = Debug;
		};
		DC967CFB26CA111D00297B5D /* Release */ = {
			isa = XCBuildConfiguration;
			baseConfigurationReference = C77293D64B4111434093D4D3 /* Pods-fixFlutter-fixFlutterUITests.release.xcconfig */;
			buildSettings = {
				CODE_SIGN_STYLE = Automatic;
				DEVELOPMENT_TEAM = 5YR3RP559Y;
				INFOPLIST_FILE = fixFlutterUITests/Info.plist;
				LD_RUNPATH_SEARCH_PATHS = (
					"$(inherited)",
					"@executable_path/Frameworks",
					"@loader_path/Frameworks",
				);
				PRODUCT_BUNDLE_IDENTIFIER = com.Hunteron.Star.fixFlutterUITests;
				PRODUCT_NAME = "$(TARGET_NAME)";
				TARGETED_DEVICE_FAMILY = "1,2";
				TEST_TARGET_NAME = fixFlutter;
			};
			name = Release;
		};
/* End XCBuildConfiguration section */

/* Begin XCConfigurationList section */
		DC967CBF26CA111C00297B5D /* Build configuration list for PBXProject "fixFlutter" */ = {
			isa = XCConfigurationList;
			buildConfigurations = (
				DC967CF126CA111D00297B5D /* Debug */,
				DC967CF226CA111D00297B5D /* Release */,
			);
			defaultConfigurationIsVisible = 0;
			defaultConfigurationName = Release;
		};
		DC967CF326CA111D00297B5D /* Build configuration list for PBXNativeTarget "fixFlutter" */ = {
			isa = XCConfigurationList;
			buildConfigurations = (
				DC967CF426CA111D00297B5D /* Debug */,
				DC967CF526CA111D00297B5D /* Release */,
			);
			defaultConfigurationIsVisible = 0;
			defaultConfigurationName = Release;
		};
		DC967CF626CA111D00297B5D /* Build configuration list for PBXNativeTarget "fixFlutterTests" */ = {
			isa = XCConfigurationList;
			buildConfigurations = (
				DC967CF726CA111D00297B5D /* Debug */,
				DC967CF826CA111D00297B5D /* Release */,
			);
			defaultConfigurationIsVisible = 0;
			defaultConfigurationName = Release;
		};
		DC967CF926CA111D00297B5D /* Build configuration list for PBXNativeTarget "fixFlutterUITests" */ = {
			isa = XCConfigurationList;
			buildConfigurations = (
				DC967CFA26CA111D00297B5D /* Debug */,
				DC967CFB26CA111D00297B5D /* Release */,
			);
			defaultConfigurationIsVisible = 0;
			defaultConfigurationName = Release;
		};
/* End XCConfigurationList section */
	};
	rootObject = DC967CBC26CA111C00297B5D /* Project object */;
}
